{
  "name": "wedding-invitation-demo",
  "version": "0.0.1",
  "lockfileVersion": 3,
  "requires": true,
  "packages": {
    "": {
      "name": "wedding-invitation-demo",
      "version": "0.0.1",
      "dependencies": {
        "@tailwindcss/vite": "^4.1.12",
        "astro": "^5.13.2",
        "tailwindcss": "^4.1.12"
      }
    }
  }
}